// !$*UTF8*$!
{
	archiveVersion = 1;
	classes = {
	};
	objectVersion = 39;
	objects = {
		02345980000FD03B11CA0E72 = {
			children = (
				1870340FFE93FCAF11CA0CD7,
			);
			isa = PBXVariantGroup;
			name = main.nib;
			refType = 4;
			sourceTree = "<group>";
		};
//020
//021
//022
//023
//024
//080
//081
//082
//083
//084
		0867D6AAFE840B52C02AAC07 = {
			children = (
				0867D6ABFE840B52C02AAC07,
			);
			isa = PBXVariantGroup;
			name = InfoPlist.strings;
			refType = 4;
			sourceTree = "<group>";
		};
		0867D6ABFE840B52C02AAC07 = {
			fileEncoding = 10;
			isa = PBXFileReference;
			lastKnownFileType = text.plist.strings;
			name = English;
			path = English.lproj/InfoPlist.strings;
			refType = 4;
			sourceTree = "<group>";
		};
//080
//081
//082
//083
//084
//0F0
//0F1
//0F2
//0F3
//0F4
		0F34130D032D695003CA0CF1 = {
			children = (
				332477F80690C93700AAEC61,
				0F34130E032D695003CA0CF1,
				0F34130F032D695003CA0CF1,
				332477F90690C93700AAEC61,
				332477FA0690C93700AAEC61,
				6029BEBF03F9CF240BFF4F4D,
				6029BEC003F9CF240BFF4F4D,
				0F341310032D695003CA0CF1,
				0F341311032D695003CA0CF1,
				0F341312032D695003CA0CF1,
				0F341313032D695003CA0CF1,
			);
			isa = PBXGroup;
			name = HIFramework;
			path = ../HIFramework;
			refType = 2;
			sourceTree = SOURCE_ROOT;
		};
		0F34130E032D695003CA0CF1 = {
			fileEncoding = 30;
			isa = PBXFileReference;
			lastKnownFileType = sourcecode.cpp.cpp;
			path = TCarbonEvent.cp;
			refType = 4;
			sourceTree = "<group>";
		};
		0F34130F032D695003CA0CF1 = {
			fileEncoding = 30;
			isa = PBXFileReference;
			lastKnownFileType = sourcecode.c.h;
			path = TCarbonEvent.h;
			refType = 4;
			sourceTree = "<group>";
		};
		0F341310032D695003CA0CF1 = {
			fileEncoding = 30;
			isa = PBXFileReference;
			lastKnownFileType = sourcecode.cpp.cpp;
			path = TRect.cp;
			refType = 4;
			sourceTree = "<group>";
		};
		0F341311032D695003CA0CF1 = {
			fileEncoding = 30;
			isa = PBXFileReference;
			lastKnownFileType = sourcecode.c.h;
			path = TRect.h;
			refType = 4;
			sourceTree = "<group>";
		};
		0F341312032D695003CA0CF1 = {
			fileEncoding = 30;
			isa = PBXFileReference;
			lastKnownFileType = sourcecode.cpp.cpp;
			path = TView.cp;
			refType = 4;
			sourceTree = "<group>";
		};
		0F341313032D695003CA0CF1 = {
			fileEncoding = 30;
			isa = PBXFileReference;
			lastKnownFileType = sourcecode.c.h;
			path = TView.h;
			refType = 4;
			sourceTree = "<group>";
		};
		0F341328032D6D1403CA0CF1 = {
			fileEncoding = 30;
			isa = PBXFileReference;
			lastKnownFileType = sourcecode.c.h;
			path = THexEditorView.h;
			refType = 4;
			sourceTree = "<group>";
		};
		0F341329032D6D1403CA0CF1 = {
			fileEncoding = 30;
			isa = PBXFileReference;
			lastKnownFileType = sourcecode.cpp.cpp;
			path = THexEditorView.cp;
			refType = 4;
			sourceTree = "<group>";
		};
		0F41840A033FB3F503CA0CF1 = {
			fileEncoding = 30;
			isa = PBXFileReference;
			lastKnownFileType = sourcecode.c.h;
			path = THexEditorScrollableView.h;
			refType = 4;
			sourceTree = "<group>";
		};
		0F41840B033FB3F503CA0CF1 = {
			fileEncoding = 30;
			isa = PBXFileReference;
			lastKnownFileType = sourcecode.cpp.cpp;
			path = THexEditorScrollableView.cp;
			refType = 4;
			sourceTree = "<group>";
		};
		0F568949034A5FA503CA0CF1 = {
			isa = PBXFileReference;
			lastKnownFileType = text.rtf;
			path = README.rtf;
			refType = 4;
			sourceTree = "<group>";
		};
//0F0
//0F1
//0F2
//0F3
//0F4
//180
//181
//182
//183
//184
		1870340FFE93FCAF11CA0CD7 = {
			isa = PBXFileReference;
			lastKnownFileType = wrapper.nib;
			name = English;
			path = English.lproj/main.nib;
			refType = 4;
			sourceTree = "<group>";
		};
//180
//181
//182
//183
//184
//190
//191
//192
//193
//194
		195DF8CFFE9D517E11CA2CBB = {
			children = (
				4F94EECB07B3090600AE9F13,
			);
			isa = PBXGroup;
			name = Products;
			refType = 4;
			sourceTree = "<group>";
		};
//190
//191
//192
//193
//194
//200
//201
//202
//203
//204
		20286C28FDCF999611CA2CEA = {
			buildSettings = {
			};
			buildStyles = (
				4A9504C5FFE6A39111CA0CBA,
				4A9504C6FFE6A39111CA0CBA,
			);
			hasScannedForEncodings = 1;
			isa = PBXProject;
			mainGroup = 20286C29FDCF999611CA2CEA;
			projectDirPath = "";
			targets = (
				4F94EEB007B3090600AE9F13,
			);
		};
		20286C29FDCF999611CA2CEA = {
			children = (
				0F568949034A5FA503CA0CF1,
				20286C2AFDCF999611CA2CEA,
				20286C2CFDCF999611CA2CEA,
				20286C32FDCF999611CA2CEA,
				195DF8CFFE9D517E11CA2CBB,
				4F94EECA07B3090600AE9F13,
			);
			isa = PBXGroup;
			name = HexEditorView;
			path = "";
			refType = 4;
			sourceTree = "<group>";
		};
		20286C2AFDCF999611CA2CEA = {
			children = (
				20286C2BFDCF999611CA2CEA,
				0F341328032D6D1403CA0CF1,
				0F341329032D6D1403CA0CF1,
				0F41840A033FB3F503CA0CF1,
				0F41840B033FB3F503CA0CF1,
				0F34130D032D695003CA0CF1,
			);
			isa = PBXGroup;
			name = Sources;
			path = "";
			refType = 4;
			sourceTree = "<group>";
		};
		20286C2BFDCF999611CA2CEA = {
			fileEncoding = 30;
			isa = PBXFileReference;
			lastKnownFileType = sourcecode.cpp.cpp;
			path = main.cp;
			refType = 4;
			sourceTree = "<group>";
		};
		20286C2CFDCF999611CA2CEA = {
			children = (
				0867D6AAFE840B52C02AAC07,
				02345980000FD03B11CA0E72,
			);
			isa = PBXGroup;
			name = Resources;
			path = "";
			refType = 4;
			sourceTree = "<group>";
		};
		20286C32FDCF999611CA2CEA = {
			children = (
				20286C33FDCF999611CA2CEA,
				4A9504CAFFE6A41611CA0CBA,
				4A9504C8FFE6A3BC11CA0CBA,
			);
			isa = PBXGroup;
			name = "External Frameworks and Libraries";
			path = "";
			refType = 4;
			sourceTree = "<group>";
		};
		20286C33FDCF999611CA2CEA = {
			isa = PBXFileReference;
			lastKnownFileType = wrapper.framework;
			name = Carbon.framework;
			path = /System/Library/Frameworks/Carbon.framework;
			refType = 0;
			sourceTree = "<absolute>";
		};
//200
//201
//202
//203
//204
//330
//331
//332
//333
//334
		332477F80690C93700AAEC61 = {
			fileEncoding = 30;
			isa = PBXFileReference;
			lastKnownFileType = sourcecode.c.h;
			path = HIFramework.h;
			refType = 4;
			sourceTree = "<group>";
		};
		332477F90690C93700AAEC61 = {
			fileEncoding = 30;
			isa = PBXFileReference;
			lastKnownFileType = sourcecode.cpp.cpp;
			path = TEventHandler.cp;
			refType = 4;
			sourceTree = "<group>";
		};
		332477FA0690C93700AAEC61 = {
			fileEncoding = 30;
			isa = PBXFileReference;
			lastKnownFileType = sourcecode.c.h;
			path = TEventHandler.h;
			refType = 4;
			sourceTree = "<group>";
		};
//330
//331
//332
//333
//334
//4A0
//4A1
//4A2
//4A3
//4A4
		4A9504C5FFE6A39111CA0CBA = {
			buildSettings = {
				COPY_PHASE_STRIP = NO;
				GCC_DYNAMIC_NO_PIC = NO;
				GCC_ENABLE_FIX_AND_CONTINUE = YES;
				GCC_GENERATE_DEBUGGING_SYMBOLS = YES;
				GCC_OPTIMIZATION_LEVEL = 0;
				OPTIMIZATION_CFLAGS = "-O0";
				ZERO_LINK = YES;
			};
			isa = PBXBuildStyle;
			name = Development;
		};
		4A9504C6FFE6A39111CA0CBA = {
			buildSettings = {
				COPY_PHASE_STRIP = YES;
				GCC_ENABLE_FIX_AND_CONTINUE = NO;
				ZERO_LINK = NO;
			};
			isa = PBXBuildStyle;
			name = Deployment;
		};
		4A9504C8FFE6A3BC11CA0CBA = {
			isa = PBXFileReference;
			lastKnownFileType = wrapper.framework;
			name = ApplicationServices.framework;
			path = /System/Library/Frameworks/ApplicationServices.framework;
			refType = 0;
			sourceTree = "<absolute>";
		};
		4A9504CAFFE6A41611CA0CBA = {
			isa = PBXFileReference;
			lastKnownFileType = wrapper.framework;
			name = CoreServices.framework;
			path = /System/Library/Frameworks/CoreServices.framework;
			refType = 0;
			sourceTree = "<absolute>";
		};
//4A0
//4A1
//4A2
//4A3
//4A4
//4F0
//4F1
//4F2
//4F3
//4F4
		4F94EEB007B3090600AE9F13 = {
			buildPhases = (
				4F94EEB107B3090600AE9F13,
				4F94EEBA07B3090600AE9F13,
				4F94EEBE07B3090600AE9F13,
				4F94EEC707B3090600AE9F13,
				4F94EEC907B3090600AE9F13,
			);
			buildRules = (
			);
			buildSettings = {
				FRAMEWORK_SEARCH_PATHS = "";
				HEADER_SEARCH_PATHS = "";
				INFOPLIST_FILE = "Info-HexEditorView.plist";
				INSTALL_PATH = "$(LOCAL_DEVELOPER_DIR)/Demos";
				LIBRARY_SEARCH_PATHS = "";
				OTHER_CFLAGS = "";
				OTHER_LDFLAGS = "";
				OTHER_REZFLAGS = "";
				PRODUCT_NAME = HexEditorView;
				SECTORDER_FLAGS = "";
				WARNING_CFLAGS = "-Wmost -Wno-four-char-constants -Wno-unknown-pragmas";
				WRAPPER_EXTENSION = app;
			};
			dependencies = (
			);
			isa = PBXNativeTarget;
			name = HexEditorView;
			productInstallPath = "$(LOCAL_DEVELOPER_DIR)/Demos";
			productName = HexEditorView;
			productReference = 4F94EECB07B3090600AE9F13;
			productType = "com.apple.product-type.application";
		};
		4F94EEB107B3090600AE9F13 = {
			buildActionMask = 2147483647;
			files = (
				4F94EEB207B3090600AE9F13,
				4F94EEB307B3090600AE9F13,
				4F94EEB407B3090600AE9F13,
				4F94EEB507B3090600AE9F13,
				4F94EEB607B3090600AE9F13,
				4F94EEB707B3090600AE9F13,
				4F94EEB807B3090600AE9F13,
				4F94EEB907B3090600AE9F13,
			);
			isa = PBXHeadersBuildPhase;
			runOnlyForDeploymentPostprocessing = 0;
		};
		4F94EEB207B3090600AE9F13 = {
			fileRef = 0F34130F032D695003CA0CF1;
			isa = PBXBuildFile;
			settings = {
			};
		};
		4F94EEB307B3090600AE9F13 = {
			fileRef = 0F341311032D695003CA0CF1;
			isa = PBXBuildFile;
			settings = {
			};
		};
		4F94EEB407B3090600AE9F13 = {
			fileRef = 0F341313032D695003CA0CF1;
			isa = PBXBuildFile;
			settings = {
			};
		};
		4F94EEB507B3090600AE9F13 = {
			fileRef = 0F341328032D6D1403CA0CF1;
			isa = PBXBuildFile;
			settings = {
			};
		};
		4F94EEB607B3090600AE9F13 = {
			fileRef = 0F41840A033FB3F503CA0CF1;
			isa = PBXBuildFile;
			settings = {
			};
		};
		4F94EEB707B3090600AE9F13 = {
			fileRef = 6029BEC003F9CF240BFF4F4D;
			isa = PBXBuildFile;
			settings = {
			};
		};
		4F94EEB807B3090600AE9F13 = {
			fileRef = 332477F80690C93700AAEC61;
			isa = PBXBuildFile;
			settings = {
			};
		};
		4F94EEB907B3090600AE9F13 = {
			fileRef = 332477FA0690C93700AAEC61;
			isa = PBXBuildFile;
			settings = {
			};
		};
		4F94EEBA07B3090600AE9F13 = {
			buildActionMask = 2147483647;
			files = (
				4F94EEBB07B3090600AE9F13,
				4F94EEBC07B3090600AE9F13,
				4F94EEBD07B3090600AE9F13,
			);
			isa = PBXResourcesBuildPhase;
			runOnlyForDeploymentPostprocessing = 0;
		};
		4F94EEBB07B3090600AE9F13 = {
			fileRef = 0867D6AAFE840B52C02AAC07;
			isa = PBXBuildFile;
			settings = {
			};
		};
		4F94EEBC07B3090600AE9F13 = {
			fileRef = 02345980000FD03B11CA0E72;
			isa = PBXBuildFile;
			settings = {
			};
		};
		4F94EEBD07B3090600AE9F13 = {
			fileRef = 0F568949034A5FA503CA0CF1;
			isa = PBXBuildFile;
			settings = {
			};
		};
		4F94EEBE07B3090600AE9F13 = {
			buildActionMask = 2147483647;
			files = (
				4F94EEBF07B3090600AE9F13,
				4F94EEC007B3090600AE9F13,
				4F94EEC107B3090600AE9F13,
				4F94EEC207B3090600AE9F13,
				4F94EEC307B3090600AE9F13,
				4F94EEC407B3090600AE9F13,
				4F94EEC507B3090600AE9F13,
				4F94EEC607B3090600AE9F13,
			);
			isa = PBXSourcesBuildPhase;
			runOnlyForDeploymentPostprocessing = 0;
		};
		4F94EEBF07B3090600AE9F13 = {
			fileRef = 20286C2BFDCF999611CA2CEA;
			isa = PBXBuildFile;
			settings = {
				ATTRIBUTES = (
				);
			};
		};
		4F94EEC007B3090600AE9F13 = {
			fileRef = 0F34130E032D695003CA0CF1;
			isa = PBXBuildFile;
			settings = {
			};
		};
		4F94EEC107B3090600AE9F13 = {
			fileRef = 0F341310032D695003CA0CF1;
			isa = PBXBuildFile;
			settings = {
			};
		};
		4F94EEC207B3090600AE9F13 = {
			fileRef = 0F341312032D695003CA0CF1;
			isa = PBXBuildFile;
			settings = {
			};
		};
		4F94EEC307B3090600AE9F13 = {
			fileRef = 0F341329032D6D1403CA0CF1;
			isa = PBXBuildFile;
			settings = {
			};
		};
		4F94EEC407B3090600AE9F13 = {
			fileRef = 0F41840B033FB3F503CA0CF1;
			isa = PBXBuildFile;
			settings = {
			};
		};
		4F94EEC507B3090600AE9F13 = {
			fileRef = 6029BEBF03F9CF240BFF4F4D;
			isa = PBXBuildFile;
			settings = {
			};
		};
		4F94EEC607B3090600AE9F13 = {
			fileRef = 332477F90690C93700AAEC61;
			isa = PBXBuildFile;
			settings = {
			};
		};
		4F94EEC707B3090600AE9F13 = {
			buildActionMask = 2147483647;
			files = (
				4F94EEC807B3090600AE9F13,
			);
			isa = PBXFrameworksBuildPhase;
			runOnlyForDeploymentPostprocessing = 0;
		};
		4F94EEC807B3090600AE9F13 = {
			fileRef = 20286C33FDCF999611CA2CEA;
			isa = PBXBuildFile;
			settings = {
			};
		};
		4F94EEC907B3090600AE9F13 = {
			buildActionMask = 2147483647;
			files = (
			);
			isa = PBXRezBuildPhase;
			runOnlyForDeploymentPostprocessing = 0;
		};
		4F94EECA07B3090600AE9F13 = {
			isa = PBXFileReference;
			lastKnownFileType = text.xml;
			path = "Info-HexEditorView.plist";
			refType = 4;
			sourceTree = "<group>";
		};
		4F94EECB07B3090600AE9F13 = {
			explicitFileType = wrapper.application;
			includeInIndex = 0;
			isa = PBXFileReference;
			path = HexEditorView.app;
			refType = 3;
			sourceTree = BUILT_PRODUCTS_DIR;
		};
//4F0
//4F1
//4F2
//4F3
//4F4
//600
//601
//602
//603
//604
		6029BEBF03F9CF240BFF4F4D = {
			fileEncoding = 30;
			isa = PBXFileReference;
			lastKnownFileType = sourcecode.cpp.cpp;
			path = TObject.cp;
			refType = 4;
			sourceTree = "<group>";
		};
		6029BEC003F9CF240BFF4F4D = {
			fileEncoding = 30;
			isa = PBXFileReference;
			lastKnownFileType = sourcecode.c.h;
			path = TObject.h;
			refType = 4;
			sourceTree = "<group>";
		};
	};
	rootObject = 20286C28FDCF999611CA2CEA;
}
